
Microsoft Visual Studio Solution File, Format Version 12.00
# Visual Studio Version 17
VisualStudioVersion = 17.14.36105.17
MinimumVisualStudioVersion = 10.0.40219.1
Project("{FAE04EC0-301F-11D3-BF4B-00C04F79EFBC}") = "ProyectoCapasGrupo1", "ProyectoCapasGrupo1.csproj", "{DE9839F5-539A-4218-AC20-A26856736194}"
EndProject
Project("{FAE04EC0-301F-11D3-BF4B-00C04F79EFBC}") = "prueba", "prueba\prueba.csproj", "{02EC7E7B-CF26-42F0-AC0F-4F9A0FB11B80}"
EndProject
Global
	GlobalSection(SolutionConfigurationPlatforms) = preSolution
		Debug|Any CPU = Debug|Any CPU
		Release|Any CPU = Release|Any CPU
	EndGlobalSection
	GlobalSection(ProjectConfigurationPlatforms) = postSolution
		{DE9839F5-539A-4218-AC20-A26856736194}.Debug|Any CPU.ActiveCfg = Debug|Any CPU
		{DE9839F5-539A-4218-AC20-A26856736194}.Debug|Any CPU.Build.0 = Debug|Any CPU
		{DE9839F5-539A-4218-AC20-A26856736194}.Release|Any CPU.ActiveCfg = Release|Any CPU
		{DE9839F5-539A-4218-AC20-A26856736194}.Release|Any CPU.Build.0 = Release|Any CPU
		{02EC7E7B-CF26-42F0-AC0F-4F9A0FB11B80}.Debug|Any CPU.ActiveCfg = Debug|Any CPU
		{02EC7E7B-CF26-42F0-AC0F-4F9A0FB11B80}.Debug|Any CPU.Build.0 = Debug|Any CPU
		{02EC7E7B-CF26-42F0-AC0F-4F9A0FB11B80}.Release|Any CPU.ActiveCfg = Release|Any CPU
		{02EC7E7B-CF26-42F0-AC0F-4F9A0FB11B80}.Release|Any CPU.Build.0 = Release|Any CPU
	EndGlobalSection
	GlobalSection(SolutionProperties) = preSolution
		HideSolutionNode = FALSE
	EndGlobalSection
	GlobalSection(ExtensibilityGlobals) = postSolution
		SolutionGuid = {F022DD9A-A9A0-4282-A8FA-9ED0A23AF75F}
	EndGlobalSection
EndGlobal
